// !$*UTF8*$!
{
	archiveVersion = 1;
	classes = {
	};
	objectVersion = 53;
	objects = {

/* Begin PBXBuildFile section */
		1B5902EA2A9EC98C001FE1FF /* APIKeys.swift in Sources */ = {isa = PBXBuildFile; fileRef = 1B5902E92A9EC98C001FE1FF /* APIKeys.swift */; };
		3A06F5C7260E9D1600F6A354 /* SideMenuView.swift in Sources */ = {isa = PBXBuildFile; fileRef = 3A06F5C6260E9D1600F6A354 /* SideMenuView.swift */; };
		3A06F5CF260FC0F900F6A354 /* SideMenuHeaderView.swift in Sources */ = {isa = PBXBuildFile; fileRef = 3A06F5CE260FC0F900F6A354 /* SideMenuHeaderView.swift */; };
		3A06F5D2260FC2C300F6A354 /* SideMenuOptionView.swift in Sources */ = {isa = PBXBuildFile; fileRef = 3A06F5D1260FC2C300F6A354 /* SideMenuOptionView.swift */; };
		3A06F5D5260FD13600F6A354 /* SideMenuViewModel.swift in Sources */ = {isa = PBXBuildFile; fileRef = 3A06F5D4260FD13600F6A354 /* SideMenuViewModel.swift */; };
		3A06F5E7261151EC00F6A354 /* SDWebImageSwiftUI in Frameworks */ = {isa = PBXBuildFile; productRef = 3A06F5E6261151EC00F6A354 /* SDWebImageSwiftUI */; };
		3A06F5EB2611536400F6A354 /* NewsView.swift in Sources */ = {isa = PBXBuildFile; fileRef = 3A06F5EA2611536400F6A354 /* NewsView.swift */; };
		3A3505B6261EB39300F9603F /* DeviceID.swift in Sources */ = {isa = PBXBuildFile; fileRef = 3A3505B5261EB39300F9603F /* DeviceID.swift */; };
		3A3505E92620FFFF00F9603F /* FBSDKCoreKit.framework in Frameworks */ = {isa = PBXBuildFile; fileRef = 3A3505E82620FFFF00F9603F /* FBSDKCoreKit.framework */; };
		3A3505EB2621000E00F9603F /* FBAudienceNetwork.framework in Frameworks */ = {isa = PBXBuildFile; fileRef = 3A3505EA2621000E00F9603F /* FBAudienceNetwork.framework */; };
		3A54F3152621F2C7007E1835 /* Settings.bundle in Resources */ = {isa = PBXBuildFile; fileRef = 3A54F3142621F2C7007E1835 /* Settings.bundle */; };
		3A54F34F2622660A007E1835 /* Extensions.swift in Sources */ = {isa = PBXBuildFile; fileRef = 3A54F34E2622660A007E1835 /* Extensions.swift */; };
		3A93EDCE260AA52000B29151 /* AppDelegate.swift in Sources */ = {isa = PBXBuildFile; fileRef = 3A93EDCD260AA52000B29151 /* AppDelegate.swift */; };
		3A93EDD0260AA52000B29151 /* SceneDelegate.swift in Sources */ = {isa = PBXBuildFile; fileRef = 3A93EDCF260AA52000B29151 /* SceneDelegate.swift */; };
		3A93EDD2260AA52000B29151 /* ContentView.swift in Sources */ = {isa = PBXBuildFile; fileRef = 3A93EDD1260AA52000B29151 /* ContentView.swift */; };
		3A93EDD5260AA52000B29151 /* CoVid_HQ.xcdatamodeld in Sources */ = {isa = PBXBuildFile; fileRef = 3A93EDD3260AA52000B29151 /* CoVid_HQ.xcdatamodeld */; };
		3A93EDD7260AA52500B29151 /* Assets.xcassets in Resources */ = {isa = PBXBuildFile; fileRef = 3A93EDD6260AA52500B29151 /* Assets.xcassets */; };
		3A93EDDA260AA52500B29151 /* Preview Assets.xcassets in Resources */ = {isa = PBXBuildFile; fileRef = 3A93EDD9260AA52500B29151 /* Preview Assets.xcassets */; };
		3A93EDDD260AA52500B29151 /* LaunchScreen.storyboard in Resources */ = {isa = PBXBuildFile; fileRef = 3A93EDDB260AA52500B29151 /* LaunchScreen.storyboard */; };
		3A93EDEE260AA66E00B29151 /* MapContainerView.swift in Sources */ = {isa = PBXBuildFile; fileRef = 3A93EDEB260AA66D00B29151 /* MapContainerView.swift */; };
		3A93EDEF260AA66E00B29151 /* CountryDetailView.swift in Sources */ = {isa = PBXBuildFile; fileRef = 3A93EDEC260AA66D00B29151 /* CountryDetailView.swift */; };
		3A93EDF0260AA66E00B29151 /* RecentView.swift in Sources */ = {isa = PBXBuildFile; fileRef = 3A93EDED260AA66D00B29151 /* RecentView.swift */; };
		3A93EDFC260AA69C00B29151 /* SearchView.swift in Sources */ = {isa = PBXBuildFile; fileRef = 3A93EDF3260AA69B00B29151 /* SearchView.swift */; };
		3A93EDFD260AA69C00B29151 /* ListHeaderView.swift in Sources */ = {isa = PBXBuildFile; fileRef = 3A93EDF4260AA69B00B29151 /* ListHeaderView.swift */; };
		3A93EDFE260AA69C00B29151 /* CountryDataRowView.swift in Sources */ = {isa = PBXBuildFile; fileRef = 3A93EDF5260AA69B00B29151 /* CountryDataRowView.swift */; };
		3A93EDFF260AA69C00B29151 /* TotalDataView.swift in Sources */ = {isa = PBXBuildFile; fileRef = 3A93EDF6260AA69B00B29151 /* TotalDataView.swift */; };
		3A93EE00260AA69C00B29151 /* TotalDataPercentageCard.swift in Sources */ = {isa = PBXBuildFile; fileRef = 3A93EDF7260AA69B00B29151 /* TotalDataPercentageCard.swift */; };
		3A93EE01260AA69C00B29151 /* CountryDetailRow.swift in Sources */ = {isa = PBXBuildFile; fileRef = 3A93EDF8260AA69B00B29151 /* CountryDetailRow.swift */; };
		3A93EE02260AA69C00B29151 /* CountryDetailRowPercentage.swift in Sources */ = {isa = PBXBuildFile; fileRef = 3A93EDF9260AA69B00B29151 /* CountryDetailRowPercentage.swift */; };
		3A93EE03260AA69C00B29151 /* TotalDataCard.swift in Sources */ = {isa = PBXBuildFile; fileRef = 3A93EDFA260AA69C00B29151 /* TotalDataCard.swift */; };
		3A93EE04260AA69C00B29151 /* MapView.swift in Sources */ = {isa = PBXBuildFile; fileRef = 3A93EDFB260AA69C00B29151 /* MapView.swift */; };
		3A93EE0D260AA70600B29151 /* CovidFetchRequest.swift in Sources */ = {isa = PBXBuildFile; fileRef = 3A93EE0B260AA70600B29151 /* CovidFetchRequest.swift */; };
		3A93EE0E260AA70600B29151 /* Model.swift in Sources */ = {isa = PBXBuildFile; fileRef = 3A93EE0C260AA70600B29151 /* Model.swift */; };
		3A9F7CC7260BC9B4003DD029 /* TotalDataHCard.swift in Sources */ = {isa = PBXBuildFile; fileRef = 3A9F7CC6260BC9B4003DD029 /* TotalDataHCard.swift */; };
		3AD90BAA2618A504000B02C9 /* SettingsTab.swift in Sources */ = {isa = PBXBuildFile; fileRef = 3AD90BA92618A504000B02C9 /* SettingsTab.swift */; };
		3AD90BAE2618A849000B02C9 /* SettingsCell.swift in Sources */ = {isa = PBXBuildFile; fileRef = 3AD90BAD2618A848000B02C9 /* SettingsCell.swift */; };
		3AD90BF72619229B000B02C9 /* OtherApps.swift in Sources */ = {isa = PBXBuildFile; fileRef = 3AD90BF62619229B000B02C9 /* OtherApps.swift */; };
		3AD90BFB261941A0000B02C9 /* aboutInfo.swift in Sources */ = {isa = PBXBuildFile; fileRef = 3AD90BFA261941A0000B02C9 /* aboutInfo.swift */; };
		3AD90C22261A3488000B02C9 /* SFSafariView.swift in Sources */ = {isa = PBXBuildFile; fileRef = 3AD90C21261A3488000B02C9 /* SFSafariView.swift */; };
		3AD90C32261ABE26000B02C9 /* MailView.swift in Sources */ = {isa = PBXBuildFile; fileRef = 3AD90C31261ABE24000B02C9 /* MailView.swift */; };
		F15E891047A0D61B275918CD /* Pods_CoVid_HQ.framework in Frameworks */ = {isa = PBXBuildFile; fileRef = 41335346E60AE2E96CC4A9D3 /* Pods_CoVid_HQ.framework */; };
/* End PBXBuildFile section */

/* Begin PBXCopyFilesBuildPhase section */
		3A6B5F152614ACF600EA6ACD /* Embed Foundation Extensions */ = {
			isa = PBXCopyFilesBuildPhase;
			buildActionMask = 12;
			dstPath = "";
			dstSubfolderSpec = 13;
			files = (
			);
			name = "Embed Foundation Extensions";
			runOnlyForDeploymentPostprocessing = 0;
		};
/* End PBXCopyFilesBuildPhase section */

/* Begin PBXFileReference section */
		1B5902E92A9EC98C001FE1FF /* APIKeys.swift */ = {isa = PBXFileReference; lastKnownFileType = sourcecode.swift; path = APIKeys.swift; sourceTree = "<group>"; };
		246965BCA3E8F134C1073F68 /* Pods-CoVid HQ-CoVidHQWidgetExtension.release.xcconfig */ = {isa = PBXFileReference; includeInIndex = 1; lastKnownFileType = text.xcconfig; name = "Pods-CoVid HQ-CoVidHQWidgetExtension.release.xcconfig"; path = "Target Support Files/Pods-CoVid HQ-CoVidHQWidgetExtension/Pods-CoVid HQ-CoVidHQWidgetExtension.release.xcconfig"; sourceTree = "<group>"; };
		3A06F5C6260E9D1600F6A354 /* SideMenuView.swift */ = {isa = PBXFileReference; lastKnownFileType = sourcecode.swift; path = SideMenuView.swift; sourceTree = "<group>"; };
		3A06F5CE260FC0F900F6A354 /* SideMenuHeaderView.swift */ = {isa = PBXFileReference; lastKnownFileType = sourcecode.swift; path = SideMenuHeaderView.swift; sourceTree = "<group>"; };
		3A06F5D1260FC2C300F6A354 /* SideMenuOptionView.swift */ = {isa = PBXFileReference; lastKnownFileType = sourcecode.swift; path = SideMenuOptionView.swift; sourceTree = "<group>"; };
		3A06F5D4260FD13600F6A354 /* SideMenuViewModel.swift */ = {isa = PBXFileReference; lastKnownFileType = sourcecode.swift; path = SideMenuViewModel.swift; sourceTree = "<group>"; };
		3A06F5EA2611536400F6A354 /* NewsView.swift */ = {isa = PBXFileReference; lastKnownFileType = sourcecode.swift; path = NewsView.swift; sourceTree = "<group>"; };
		3A3505B5261EB39300F9603F /* DeviceID.swift */ = {isa = PBXFileReference; lastKnownFileType = sourcecode.swift; path = DeviceID.swift; sourceTree = "<group>"; };
		3A3505E82620FFFF00F9603F /* FBSDKCoreKit.framework */ = {isa = PBXFileReference; lastKnownFileType = wrapper.framework; path = FBSDKCoreKit.framework; sourceTree = "<group>"; };
		3A3505EA2621000E00F9603F /* FBAudienceNetwork.framework */ = {isa = PBXFileReference; lastKnownFileType = wrapper.framework; path = FBAudienceNetwork.framework; sourceTree = "<group>"; };
		3A54F3142621F2C7007E1835 /* Settings.bundle */ = {isa = PBXFileReference; lastKnownFileType = "wrapper.plug-in"; path = Settings.bundle; sourceTree = "<group>"; };
		3A54F34E2622660A007E1835 /* Extensions.swift */ = {isa = PBXFileReference; fileEncoding = 4; lastKnownFileType = sourcecode.swift; path = Extensions.swift; sourceTree = "<group>"; };
		3A6B5F052614ACF000EA6ACD /* WidgetKit.framework */ = {isa = PBXFileReference; lastKnownFileType = wrapper.framework; name = WidgetKit.framework; path = System/Library/Frameworks/WidgetKit.framework; sourceTree = SDKROOT; };
		3A6B5F072614ACF000EA6ACD /* SwiftUI.framework */ = {isa = PBXFileReference; lastKnownFileType = wrapper.framework; name = SwiftUI.framework; path = System/Library/Frameworks/SwiftUI.framework; sourceTree = SDKROOT; };
		3A6B5F182614F77000EA6ACD /* CoVid HQ.entitlements */ = {isa = PBXFileReference; lastKnownFileType = text.plist.entitlements; path = "CoVid HQ.entitlements"; sourceTree = "<group>"; };
		3A93EDCA260AA52000B29151 /* CoVid HQ.app */ = {isa = PBXFileReference; explicitFileType = wrapper.application; includeInIndex = 0; path = "CoVid HQ.app"; sourceTree = BUILT_PRODUCTS_DIR; };
		3A93EDCD260AA52000B29151 /* AppDelegate.swift */ = {isa = PBXFileReference; lastKnownFileType = sourcecode.swift; path = AppDelegate.swift; sourceTree = "<group>"; };
		3A93EDCF260AA52000B29151 /* SceneDelegate.swift */ = {isa = PBXFileReference; lastKnownFileType = sourcecode.swift; path = SceneDelegate.swift; sourceTree = "<group>"; };
		3A93EDD1260AA52000B29151 /* ContentView.swift */ = {isa = PBXFileReference; lastKnownFileType = sourcecode.swift; path = ContentView.swift; sourceTree = "<group>"; };
		3A93EDD4260AA52000B29151 /* CoVid_HQ.xcdatamodel */ = {isa = PBXFileReference; lastKnownFileType = wrapper.xcdatamodel; path = CoVid_HQ.xcdatamodel; sourceTree = "<group>"; };
		3A93EDD6260AA52500B29151 /* Assets.xcassets */ = {isa = PBXFileReference; lastKnownFileType = folder.assetcatalog; path = Assets.xcassets; sourceTree = "<group>"; };
		3A93EDD9260AA52500B29151 /* Preview Assets.xcassets */ = {isa = PBXFileReference; lastKnownFileType = folder.assetcatalog; path = "Preview Assets.xcassets"; sourceTree = "<group>"; };
		3A93EDDC260AA52500B29151 /* Base */ = {isa = PBXFileReference; lastKnownFileType = file.storyboard; name = Base; path = Base.lproj/LaunchScreen.storyboard; sourceTree = "<group>"; };
		3A93EDDE260AA52500B29151 /* Info.plist */ = {isa = PBXFileReference; lastKnownFileType = text.plist.xml; path = Info.plist; sourceTree = "<group>"; };
		3A93EDEB260AA66D00B29151 /* MapContainerView.swift */ = {isa = PBXFileReference; fileEncoding = 4; lastKnownFileType = sourcecode.swift; path = MapContainerView.swift; sourceTree = "<group>"; };
		3A93EDEC260AA66D00B29151 /* CountryDetailView.swift */ = {isa = PBXFileReference; fileEncoding = 4; lastKnownFileType = sourcecode.swift; path = CountryDetailView.swift; sourceTree = "<group>"; };
		3A93EDED260AA66D00B29151 /* RecentView.swift */ = {isa = PBXFileReference; fileEncoding = 4; lastKnownFileType = sourcecode.swift; path = RecentView.swift; sourceTree = "<group>"; };
		3A93EDF3260AA69B00B29151 /* SearchView.swift */ = {isa = PBXFileReference; fileEncoding = 4; lastKnownFileType = sourcecode.swift; path = SearchView.swift; sourceTree = "<group>"; };
		3A93EDF4260AA69B00B29151 /* ListHeaderView.swift */ = {isa = PBXFileReference; fileEncoding = 4; lastKnownFileType = sourcecode.swift; path = ListHeaderView.swift; sourceTree = "<group>"; };
		3A93EDF5260AA69B00B29151 /* CountryDataRowView.swift */ = {isa = PBXFileReference; fileEncoding = 4; lastKnownFileType = sourcecode.swift; path = CountryDataRowView.swift; sourceTree = "<group>"; };
		3A93EDF6260AA69B00B29151 /* TotalDataView.swift */ = {isa = PBXFileReference; fileEncoding = 4; lastKnownFileType = sourcecode.swift; path = TotalDataView.swift; sourceTree = "<group>"; };
		3A93EDF7260AA69B00B29151 /* TotalDataPercentageCard.swift */ = {isa = PBXFileReference; fileEncoding = 4; lastKnownFileType = sourcecode.swift; path = TotalDataPercentageCard.swift; sourceTree = "<group>"; };
		3A93EDF8260AA69B00B29151 /* CountryDetailRow.swift */ = {isa = PBXFileReference; fileEncoding = 4; lastKnownFileType = sourcecode.swift; path = CountryDetailRow.swift; sourceTree = "<group>"; };
		3A93EDF9260AA69B00B29151 /* CountryDetailRowPercentage.swift */ = {isa = PBXFileReference; fileEncoding = 4; lastKnownFileType = sourcecode.swift; path = CountryDetailRowPercentage.swift; sourceTree = "<group>"; };
		3A93EDFA260AA69C00B29151 /* TotalDataCard.swift */ = {isa = PBXFileReference; fileEncoding = 4; lastKnownFileType = sourcecode.swift; path = TotalDataCard.swift; sourceTree = "<group>"; };
		3A93EDFB260AA69C00B29151 /* MapView.swift */ = {isa = PBXFileReference; fileEncoding = 4; lastKnownFileType = sourcecode.swift; path = MapView.swift; sourceTree = "<group>"; };
		3A93EE0B260AA70600B29151 /* CovidFetchRequest.swift */ = {isa = PBXFileReference; fileEncoding = 4; lastKnownFileType = sourcecode.swift; path = CovidFetchRequest.swift; sourceTree = "<group>"; };
		3A93EE0C260AA70600B29151 /* Model.swift */ = {isa = PBXFileReference; fileEncoding = 4; lastKnownFileType = sourcecode.swift; path = Model.swift; sourceTree = "<group>"; };
		3A9F7CC6260BC9B4003DD029 /* TotalDataHCard.swift */ = {isa = PBXFileReference; lastKnownFileType = sourcecode.swift; path = TotalDataHCard.swift; sourceTree = "<group>"; };
		3AD90BA92618A504000B02C9 /* SettingsTab.swift */ = {isa = PBXFileReference; lastKnownFileType = sourcecode.swift; path = SettingsTab.swift; sourceTree = "<group>"; };
		3AD90BAD2618A848000B02C9 /* SettingsCell.swift */ = {isa = PBXFileReference; lastKnownFileType = sourcecode.swift; path = SettingsCell.swift; sourceTree = "<group>"; };
		3AD90BF62619229B000B02C9 /* OtherApps.swift */ = {isa = PBXFileReference; lastKnownFileType = sourcecode.swift; path = OtherApps.swift; sourceTree = "<group>"; };
		3AD90BFA261941A0000B02C9 /* aboutInfo.swift */ = {isa = PBXFileReference; lastKnownFileType = sourcecode.swift; path = aboutInfo.swift; sourceTree = "<group>"; };
		3AD90C21261A3488000B02C9 /* SFSafariView.swift */ = {isa = PBXFileReference; lastKnownFileType = sourcecode.swift; path = SFSafariView.swift; sourceTree = "<group>"; };
		3AD90C31261ABE24000B02C9 /* MailView.swift */ = {isa = PBXFileReference; lastKnownFileType = sourcecode.swift; path = MailView.swift; sourceTree = "<group>"; };
		41335346E60AE2E96CC4A9D3 /* Pods_CoVid_HQ.framework */ = {isa = PBXFileReference; explicitFileType = wrapper.framework; includeInIndex = 0; path = Pods_CoVid_HQ.framework; sourceTree = BUILT_PRODUCTS_DIR; };
		66905E0D634FD4912C33CA7A /* Pods-CoVid HQ-CoVidHQWidgetExtension.debug.xcconfig */ = {isa = PBXFileReference; includeInIndex = 1; lastKnownFileType = text.xcconfig; name = "Pods-CoVid HQ-CoVidHQWidgetExtension.debug.xcconfig"; path = "Target Support Files/Pods-CoVid HQ-CoVidHQWidgetExtension/Pods-CoVid HQ-CoVidHQWidgetExtension.debug.xcconfig"; sourceTree = "<group>"; };
		A02C7FA67FE60758E62F23E0 /* Pods_CoVid_HQ_CoVidHQWidgetExtension.framework */ = {isa = PBXFileReference; explicitFileType = wrapper.framework; includeInIndex = 0; path = Pods_CoVid_HQ_CoVidHQWidgetExtension.framework; sourceTree = BUILT_PRODUCTS_DIR; };
		A480A830885C042B832484E0 /* Pods-CoVid HQ.debug.xcconfig */ = {isa = PBXFileReference; includeInIndex = 1; lastKnownFileType = text.xcconfig; name = "Pods-CoVid HQ.debug.xcconfig"; path = "Target Support Files/Pods-CoVid HQ/Pods-CoVid HQ.debug.xcconfig"; sourceTree = "<group>"; };
		E348C7D04E3CC7A28A8F5469 /* Pods-CoVid HQ.release.xcconfig */ = {isa = PBXFileReference; includeInIndex = 1; lastKnownFileType = text.xcconfig; name = "Pods-CoVid HQ.release.xcconfig"; path = "Target Support Files/Pods-CoVid HQ/Pods-CoVid HQ.release.xcconfig"; sourceTree = "<group>"; };
/* End PBXFileReference section */

/* Begin PBXFrameworksBuildPhase section */
		3A93EDC7260AA52000B29151 /* Frameworks */ = {
			isa = PBXFrameworksBuildPhase;
			buildActionMask = 2147483647;
			files = (
				3A06F5E7261151EC00F6A354 /* SDWebImageSwiftUI in Frameworks */,
				3A3505E92620FFFF00F9603F /* FBSDKCoreKit.framework in Frameworks */,
				F15E891047A0D61B275918CD /* Pods_CoVid_HQ.framework in Frameworks */,
				3A3505EB2621000E00F9603F /* FBAudienceNetwork.framework in Frameworks */,
			);
			runOnlyForDeploymentPostprocessing = 0;
		};
/* End PBXFrameworksBuildPhase section */

/* Begin PBXGroup section */
		14F9A0D9F8B51021FACD934B /* Frameworks */ = {
			isa = PBXGroup;
			children = (
				3A3505EA2621000E00F9603F /* FBAudienceNetwork.framework */,
				3A3505E82620FFFF00F9603F /* FBSDKCoreKit.framework */,
				41335346E60AE2E96CC4A9D3 /* Pods_CoVid_HQ.framework */,
				3A6B5F052614ACF000EA6ACD /* WidgetKit.framework */,
				3A6B5F072614ACF000EA6ACD /* SwiftUI.framework */,
				A02C7FA67FE60758E62F23E0 /* Pods_CoVid_HQ_CoVidHQWidgetExtension.framework */,
			);
			name = Frameworks;
			sourceTree = "<group>";
		};
		3A06F5D7260FD14200F6A354 /* SideMenu */ = {
			isa = PBXGroup;
			children = (
				3A06F5C6260E9D1600F6A354 /* SideMenuView.swift */,
				3A06F5CE260FC0F900F6A354 /* SideMenuHeaderView.swift */,
				3A06F5D1260FC2C300F6A354 /* SideMenuOptionView.swift */,
				3A06F5D4260FD13600F6A354 /* SideMenuViewModel.swift */,
			);
			path = SideMenu;
			sourceTree = "<group>";
		};
		3A06F5E92611531B00F6A354 /* Main Views */ = {
			isa = PBXGroup;
			children = (
				3A93EDED260AA66D00B29151 /* RecentView.swift */,
				3A93EDEC260AA66D00B29151 /* CountryDetailView.swift */,
				3A93EDEB260AA66D00B29151 /* MapContainerView.swift */,
				3A06F5EA2611536400F6A354 /* NewsView.swift */,
				3AD90C00261944C6000B02C9 /* SettingsView */,
			);
			path = "Main Views";
			sourceTree = "<group>";
		};
		3A3505AC261DDAE200F9603F /* Helper Files */ = {
			isa = PBXGroup;
			children = (
				3A3505B5261EB39300F9603F /* DeviceID.swift */,
				3A54F34E2622660A007E1835 /* Extensions.swift */,
				1B5902E92A9EC98C001FE1FF /* APIKeys.swift */,
			);
			path = "Helper Files";
			sourceTree = "<group>";
		};
		3A93EDC1260AA52000B29151 = {
			isa = PBXGroup;
			children = (
				3A54F3142621F2C7007E1835 /* Settings.bundle */,
				3A93EDCC260AA52000B29151 /* CoVid HQ */,
				3A93EDCB260AA52000B29151 /* Products */,
				6C9C411C1A09028B0F664048 /* Pods */,
				14F9A0D9F8B51021FACD934B /* Frameworks */,
			);
			sourceTree = "<group>";
		};
		3A93EDCB260AA52000B29151 /* Products */ = {
			isa = PBXGroup;
			children = (
				3A93EDCA260AA52000B29151 /* CoVid HQ.app */,
			);
			name = Products;
			sourceTree = "<group>";
		};
		3A93EDCC260AA52000B29151 /* CoVid HQ */ = {
			isa = PBXGroup;
			children = (
				3A6B5F182614F77000EA6ACD /* CoVid HQ.entitlements */,
				3A93EDCD260AA52000B29151 /* AppDelegate.swift */,
				3A93EDCF260AA52000B29151 /* SceneDelegate.swift */,
				3A93EDD1260AA52000B29151 /* ContentView.swift */,
				3A3505AC261DDAE200F9603F /* Helper Files */,
				3A93EE0A260AA6DB00B29151 /* Model */,
				3A06F5E92611531B00F6A354 /* Main Views */,
				3A06F5D7260FD14200F6A354 /* SideMenu */,
				3A93EDF2260AA68200B29151 /* CoVid Views */,
				3A93EDD6260AA52500B29151 /* Assets.xcassets */,
				3A93EDDB260AA52500B29151 /* LaunchScreen.storyboard */,
				3A93EDDE260AA52500B29151 /* Info.plist */,
				3A93EDD3260AA52000B29151 /* CoVid_HQ.xcdatamodeld */,
				3A93EDD8260AA52500B29151 /* Preview Content */,
			);
			path = "CoVid HQ";
			sourceTree = "<group>";
		};
		3A93EDD8260AA52500B29151 /* Preview Content */ = {
			isa = PBXGroup;
			children = (
				3A93EDD9260AA52500B29151 /* Preview Assets.xcassets */,
			);
			path = "Preview Content";
			sourceTree = "<group>";
		};
		3A93EDF2260AA68200B29151 /* CoVid Views */ = {
			isa = PBXGroup;
			children = (
				3A93EDF4260AA69B00B29151 /* ListHeaderView.swift */,
				3A93EDF5260AA69B00B29151 /* CountryDataRowView.swift */,
				3A93EDF8260AA69B00B29151 /* CountryDetailRow.swift */,
				3A93EDF9260AA69B00B29151 /* CountryDetailRowPercentage.swift */,
				3A93EDF3260AA69B00B29151 /* SearchView.swift */,
				3A93EDFA260AA69C00B29151 /* TotalDataCard.swift */,
				3A9F7CC6260BC9B4003DD029 /* TotalDataHCard.swift */,
				3A93EDF7260AA69B00B29151 /* TotalDataPercentageCard.swift */,
				3A93EDF6260AA69B00B29151 /* TotalDataView.swift */,
				3A93EDFB260AA69C00B29151 /* MapView.swift */,
			);
			path = "CoVid Views";
			sourceTree = "<group>";
		};
		3A93EE0A260AA6DB00B29151 /* Model */ = {
			isa = PBXGroup;
			children = (
				3A93EE0B260AA70600B29151 /* CovidFetchRequest.swift */,
				3A93EE0C260AA70600B29151 /* Model.swift */,
			);
			path = Model;
			sourceTree = "<group>";
		};
		3AD90C00261944C6000B02C9 /* SettingsView */ = {
			isa = PBXGroup;
			children = (
				3AD90BA92618A504000B02C9 /* SettingsTab.swift */,
				3AD90BAD2618A848000B02C9 /* SettingsCell.swift */,
				3AD90BF62619229B000B02C9 /* OtherApps.swift */,
				3AD90BFA261941A0000B02C9 /* aboutInfo.swift */,
				3AD90C21261A3488000B02C9 /* SFSafariView.swift */,
				3AD90C31261ABE24000B02C9 /* MailView.swift */,
			);
			path = SettingsView;
			sourceTree = "<group>";
		};
		6C9C411C1A09028B0F664048 /* Pods */ = {
			isa = PBXGroup;
			children = (
				A480A830885C042B832484E0 /* Pods-CoVid HQ.debug.xcconfig */,
				E348C7D04E3CC7A28A8F5469 /* Pods-CoVid HQ.release.xcconfig */,
				66905E0D634FD4912C33CA7A /* Pods-CoVid HQ-CoVidHQWidgetExtension.debug.xcconfig */,
				246965BCA3E8F134C1073F68 /* Pods-CoVid HQ-CoVidHQWidgetExtension.release.xcconfig */,
			);
			path = Pods;
			sourceTree = "<group>";
		};
/* End PBXGroup section */

/* Begin PBXNativeTarget section */
		3A93EDC9260AA52000B29151 /* CoVid HQ */ = {
			isa = PBXNativeTarget;
			buildConfigurationList = 3A93EDE1260AA52500B29151 /* Build configuration list for PBXNativeTarget "CoVid HQ" */;
			buildPhases = (
				8D5E05FD57F4AED56329B6C6 /* [CP] Check Pods Manifest.lock */,
				3A93EDC6260AA52000B29151 /* Sources */,
				3A93EDC7260AA52000B29151 /* Frameworks */,
				3A93EDC8260AA52000B29151 /* Resources */,
				CD94E02CC7EC1023BA28F91B /* [CP] Embed Pods Frameworks */,
				3A6B5F152614ACF600EA6ACD /* Embed Foundation Extensions */,
			);
			buildRules = (
			);
			dependencies = (
			);
			name = "CoVid HQ";
			packageProductDependencies = (
				3A06F5E6261151EC00F6A354 /* SDWebImageSwiftUI */,
			);
			productName = "CoVid HQ";
			productReference = 3A93EDCA260AA52000B29151 /* CoVid HQ.app */;
			productType = "com.apple.product-type.application";
		};
/* End PBXNativeTarget section */

/* Begin PBXProject section */
		3A93EDC2260AA52000B29151 /* Project object */ = {
			isa = PBXProject;
			attributes = {
				BuildIndependentTargetsInParallel = YES;
				LastSwiftUpdateCheck = 1240;
				LastUpgradeCheck = 1430;
				TargetAttributes = {
					3A93EDC9260AA52000B29151 = {
						CreatedOnToolsVersion = 12.4;
					};
				};
			};
			buildConfigurationList = 3A93EDC5260AA52000B29151 /* Build configuration list for PBXProject "CoVid HQ" */;
			compatibilityVersion = "Xcode 9.3";
			developmentRegion = en;
			hasScannedForEncodings = 0;
			knownRegions = (
				en,
				Base,
			);
			mainGroup = 3A93EDC1260AA52000B29151;
			packageReferences = (
				3A06F5E5261151EB00F6A354 /* XCRemoteSwiftPackageReference "SDWebImageSwiftUI" */,
			);
			productRefGroup = 3A93EDCB260AA52000B29151 /* Products */;
			projectDirPath = "";
			projectRoot = "";
			targets = (
				3A93EDC9260AA52000B29151 /* CoVid HQ */,
			);
		};
/* End PBXProject section */

/* Begin PBXResourcesBuildPhase section */
		3A93EDC8260AA52000B29151 /* Resources */ = {
			isa = PBXResourcesBuildPhase;
			buildActionMask = 2147483647;
			files = (
				3A54F3152621F2C7007E1835 /* Settings.bundle in Resources */,
				3A93EDDD260AA52500B29151 /* LaunchScreen.storyboard in Resources */,
				3A93EDDA260AA52500B29151 /* Preview Assets.xcassets in Resources */,
				3A93EDD7260AA52500B29151 /* Assets.xcassets in Resources */,
			);
			runOnlyForDeploymentPostprocessing = 0;
		};
/* End PBXResourcesBuildPhase section */

/* Begin PBXShellScriptBuildPhase section */
		8D5E05FD57F4AED56329B6C6 /* [CP] Check Pods Manifest.lock */ = {
			isa = PBXShellScriptBuildPhase;
			buildActionMask = 2147483647;
			files = (
			);
			inputFileListPaths = (
			);
			inputPaths = (
				"${PODS_PODFILE_DIR_PATH}/Podfile.lock",
				"${PODS_ROOT}/Manifest.lock",
			);
			name = "[CP] Check Pods Manifest.lock";
			outputFileListPaths = (
			);
			outputPaths = (
				"$(DERIVED_FILE_DIR)/Pods-CoVid HQ-checkManifestLockResult.txt",
			);
			runOnlyForDeploymentPostprocessing = 0;
			shellPath = /bin/sh;
			shellScript = "diff \"${PODS_PODFILE_DIR_PATH}/Podfile.lock\" \"${PODS_ROOT}/Manifest.lock\" > /dev/null\nif [ $? != 0 ] ; then\n    # print error to STDERR\n    echo \"error: The sandbox is not in sync with the Podfile.lock. Run 'pod install' or update your CocoaPods installation.\" >&2\n    exit 1\nfi\n# This output is used by Xcode 'outputs' to avoid re-running this script phase.\necho \"SUCCESS\" > \"${SCRIPT_OUTPUT_FILE_0}\"\n";
			showEnvVarsInLog = 0;
		};
		CD94E02CC7EC1023BA28F91B /* [CP] Embed Pods Frameworks */ = {
			isa = PBXShellScriptBuildPhase;
			buildActionMask = 2147483647;
			files = (
			);
			inputFileListPaths = (
				"${PODS_ROOT}/Target Support Files/Pods-CoVid HQ/Pods-CoVid HQ-frameworks-${CONFIGURATION}-input-files.xcfilelist",
			);
			name = "[CP] Embed Pods Frameworks";
			outputFileListPaths = (
				"${PODS_ROOT}/Target Support Files/Pods-CoVid HQ/Pods-CoVid HQ-frameworks-${CONFIGURATION}-output-files.xcfilelist",
			);
			runOnlyForDeploymentPostprocessing = 0;
			shellPath = /bin/sh;
			shellScript = "\"${PODS_ROOT}/Target Support Files/Pods-CoVid HQ/Pods-CoVid HQ-frameworks.sh\"\n";
			showEnvVarsInLog = 0;
		};
/* End PBXShellScriptBuildPhase section */

/* Begin PBXSourcesBuildPhase section */
		3A93EDC6260AA52000B29151 /* Sources */ = {
			isa = PBXSourcesBuildPhase;
			buildActionMask = 2147483647;
			files = (
				1B5902EA2A9EC98C001FE1FF /* APIKeys.swift in Sources */,
				3A93EDEF260AA66E00B29151 /* CountryDetailView.swift in Sources */,
				3A93EE04260AA69C00B29151 /* MapView.swift in Sources */,
				3A93EE0D260AA70600B29151 /* CovidFetchRequest.swift in Sources */,
				3AD90BAA2618A504000B02C9 /* SettingsTab.swift in Sources */,
				3A93EDEE260AA66E00B29151 /* MapContainerView.swift in Sources */,
				3A93EE02260AA69C00B29151 /* CountryDetailRowPercentage.swift in Sources */,
				3AD90C32261ABE26000B02C9 /* MailView.swift in Sources */,
				3A93EDFD260AA69C00B29151 /* ListHeaderView.swift in Sources */,
				3A06F5EB2611536400F6A354 /* NewsView.swift in Sources */,
				3A93EDCE260AA52000B29151 /* AppDelegate.swift in Sources */,
				3A93EDFE260AA69C00B29151 /* CountryDataRowView.swift in Sources */,
				3A3505B6261EB39300F9603F /* DeviceID.swift in Sources */,
				3A93EDD0260AA52000B29151 /* SceneDelegate.swift in Sources */,
				3A93EE00260AA69C00B29151 /* TotalDataPercentageCard.swift in Sources */,
				3A54F34F2622660A007E1835 /* Extensions.swift in Sources */,
				3A06F5C7260E9D1600F6A354 /* SideMenuView.swift in Sources */,
				3AD90BAE2618A849000B02C9 /* SettingsCell.swift in Sources */,
				3A9F7CC7260BC9B4003DD029 /* TotalDataHCard.swift in Sources */,
				3A93EE03260AA69C00B29151 /* TotalDataCard.swift in Sources */,
				3AD90BF72619229B000B02C9 /* OtherApps.swift in Sources */,
				3A93EDFC260AA69C00B29151 /* SearchView.swift in Sources */,
				3A93EDD5260AA52000B29151 /* CoVid_HQ.xcdatamodeld in Sources */,
				3A06F5D2260FC2C300F6A354 /* SideMenuOptionView.swift in Sources */,
				3A93EDF0260AA66E00B29151 /* RecentView.swift in Sources */,
				3AD90C22261A3488000B02C9 /* SFSafariView.swift in Sources */,
				3A93EDFF260AA69C00B29151 /* TotalDataView.swift in Sources */,
				3A93EE0E260AA70600B29151 /* Model.swift in Sources */,
				3AD90BFB261941A0000B02C9 /* aboutInfo.swift in Sources */,
				3A93EE01260AA69C00B29151 /* CountryDetailRow.swift in Sources */,
				3A93EDD2260AA52000B29151 /* ContentView.swift in Sources */,
				3A06F5D5260FD13600F6A354 /* SideMenuViewModel.swift in Sources */,
				3A06F5CF260FC0F900F6A354 /* SideMenuHeaderView.swift in Sources */,
			);
			runOnlyForDeploymentPostprocessing = 0;
		};
/* End PBXSourcesBuildPhase section */

/* Begin PBXVariantGroup section */
		3A93EDDB260AA52500B29151 /* LaunchScreen.storyboard */ = {
			isa = PBXVariantGroup;
			children = (
				3A93EDDC260AA52500B29151 /* Base */,
			);
			name = LaunchScreen.storyboard;
			sourceTree = "<group>";
		};
/* End PBXVariantGroup section */

/* Begin XCBuildConfiguration section */
		3A93EDDF260AA52500B29151 /* Debug */ = {
			isa = XCBuildConfiguration;
			buildSettings = {
				ALWAYS_SEARCH_USER_PATHS = NO;
				CLANG_ANALYZER_NONNULL = YES;
				CLANG_ANALYZER_NUMBER_OBJECT_CONVERSION = YES_AGGRESSIVE;
				CLANG_CXX_LANGUAGE_STANDARD = "gnu++14";
				CLANG_CXX_LIBRARY = "libc++";
				CLANG_ENABLE_MODULES = YES;
				CLANG_ENABLE_OBJC_ARC = YES;
				CLANG_ENABLE_OBJC_WEAK = YES;
				CLANG_WARN_BLOCK_CAPTURE_AUTORELEASING = YES;
				CLANG_WARN_BOOL_CONVERSION = YES;
				CLANG_WARN_COMMA = YES;
				CLANG_WARN_CONSTANT_CONVERSION = YES;
				CLANG_WARN_DEPRECATED_OBJC_IMPLEMENTATIONS = YES;
				CLANG_WARN_DIRECT_OBJC_ISA_USAGE = YES_ERROR;
				CLANG_WARN_DOCUMENTATION_COMMENTS = YES;
				CLANG_WARN_EMPTY_BODY = YES;
				CLANG_WARN_ENUM_CONVERSION = YES;
				CLANG_WARN_INFINITE_RECURSION = YES;
				CLANG_WARN_INT_CONVERSION = YES;
				CLANG_WARN_NON_LITERAL_NULL_CONVERSION = YES;
				CLANG_WARN_OBJC_IMPLICIT_RETAIN_SELF = YES;
				CLANG_WARN_OBJC_LITERAL_CONVERSION = YES;
				CLANG_WARN_OBJC_ROOT_CLASS = YES_ERROR;
				CLANG_WARN_QUOTED_INCLUDE_IN_FRAMEWORK_HEADER = YES;
				CLANG_WARN_RANGE_LOOP_ANALYSIS = YES;
				CLANG_WARN_STRICT_PROTOTYPES = YES;
				CLANG_WARN_SUSPICIOUS_MOVE = YES;
				CLANG_WARN_UNGUARDED_AVAILABILITY = YES_AGGRESSIVE;
				CLANG_WARN_UNREACHABLE_CODE = YES;
				CLANG_WARN__DUPLICATE_METHOD_MATCH = YES;
				COPY_PHASE_STRIP = NO;
				DEBUG_INFORMATION_FORMAT = dwarf;
				ENABLE_STRICT_OBJC_MSGSEND = YES;
				ENABLE_TESTABILITY = YES;
				GCC_C_LANGUAGE_STANDARD = gnu11;
				GCC_DYNAMIC_NO_PIC = NO;
				GCC_NO_COMMON_BLOCKS = YES;
				GCC_OPTIMIZATION_LEVEL = 0;
				GCC_PREPROCESSOR_DEFINITIONS = (
					"DEBUG=1",
					"$(inherited)",
				);
				GCC_WARN_64_TO_32_BIT_CONVERSION = YES;
				GCC_WARN_ABOUT_RETURN_TYPE = YES_ERROR;
				GCC_WARN_UNDECLARED_SELECTOR = YES;
				GCC_WARN_UNINITIALIZED_AUTOS = YES_AGGRESSIVE;
				GCC_WARN_UNUSED_FUNCTION = YES;
				GCC_WARN_UNUSED_VARIABLE = YES;
				IPHONEOS_DEPLOYMENT_TARGET = 15.0;
				MTL_ENABLE_DEBUG_INFO = INCLUDE_SOURCE;
				MTL_FAST_MATH = YES;
				ONLY_ACTIVE_ARCH = YES;
				SDKROOT = iphoneos;
				SWIFT_ACTIVE_COMPILATION_CONDITIONS = DEBUG;
				SWIFT_OPTIMIZATION_LEVEL = "-Onone";
			};
			name = Debug;
		};
		3A93EDE0260AA52500B29151 /* Release */ = {
			isa = XCBuildConfiguration;
			buildSettings = {
				ALWAYS_SEARCH_USER_PATHS = NO;
				CLANG_ANALYZER_NONNULL = YES;
				CLANG_ANALYZER_NUMBER_OBJECT_CONVERSION = YES_AGGRESSIVE;
				CLANG_CXX_LANGUAGE_STANDARD = "gnu++14";
				CLANG_CXX_LIBRARY = "libc++";
				CLANG_ENABLE_MODULES = YES;
				CLANG_ENABLE_OBJC_ARC = YES;
				CLANG_ENABLE_OBJC_WEAK = YES;
				CLANG_WARN_BLOCK_CAPTURE_AUTORELEASING = YES;
				CLANG_WARN_BOOL_CONVERSION = YES;
				CLANG_WARN_COMMA = YES;
				CLANG_WARN_CONSTANT_CONVERSION = YES;
				CLANG_WARN_DEPRECATED_OBJC_IMPLEMENTATIONS = YES;
				CLANG_WARN_DIRECT_OBJC_ISA_USAGE = YES_ERROR;
				CLANG_WARN_DOCUMENTATION_COMMENTS = YES;
				CLANG_WARN_EMPTY_BODY = YES;
				CLANG_WARN_ENUM_CONVERSION = YES;
				CLANG_WARN_INFINITE_RECURSION = YES;
				CLANG_WARN_INT_CONVERSION = YES;
				CLANG_WARN_NON_LITERAL_NULL_CONVERSION = YES;
				CLANG_WARN_OBJC_IMPLICIT_RETAIN_SELF = YES;
				CLANG_WARN_OBJC_LITERAL_CONVERSION = YES;
				CLANG_WARN_OBJC_ROOT_CLASS = YES_ERROR;
				CLANG_WARN_QUOTED_INCLUDE_IN_FRAMEWORK_HEADER = YES;
				CLANG_WARN_RANGE_LOOP_ANALYSIS = YES;
				CLANG_WARN_STRICT_PROTOTYPES = YES;
				CLANG_WARN_SUSPICIOUS_MOVE = YES;
				CLANG_WARN_UNGUARDED_AVAILABILITY = YES_AGGRESSIVE;
				CLANG_WARN_UNREACHABLE_CODE = YES;
				CLANG_WARN__DUPLICATE_METHOD_MATCH = YES;
				COPY_PHASE_STRIP = NO;
				DEBUG_INFORMATION_FORMAT = "dwarf-with-dsym";
				ENABLE_NS_ASSERTIONS = NO;
				ENABLE_STRICT_OBJC_MSGSEND = YES;
				GCC_C_LANGUAGE_STANDARD = gnu11;
				GCC_NO_COMMON_BLOCKS = YES;
				GCC_WARN_64_TO_32_BIT_CONVERSION = YES;
				GCC_WARN_ABOUT_RETURN_TYPE = YES_ERROR;
				GCC_WARN_UNDECLARED_SELECTOR = YES;
				GCC_WARN_UNINITIALIZED_AUTOS = YES_AGGRESSIVE;
				GCC_WARN_UNUSED_FUNCTION = YES;
				GCC_WARN_UNUSED_VARIABLE = YES;
				IPHONEOS_DEPLOYMENT_TARGET = 15.0;
				MTL_ENABLE_DEBUG_INFO = NO;
				MTL_FAST_MATH = YES;
				SDKROOT = iphoneos;
				SWIFT_COMPILATION_MODE = wholemodule;
				SWIFT_OPTIMIZATION_LEVEL = "-O";
				VALIDATE_PRODUCT = YES;
			};
			name = Release;
		};
		3A93EDE2260AA52500B29151 /* Debug */ = {
			isa = XCBuildConfiguration;
			baseConfigurationReference = A480A830885C042B832484E0 /* Pods-CoVid HQ.debug.xcconfig */;
			buildSettings = {
				ALWAYS_EMBED_SWIFT_STANDARD_LIBRARIES = YES;
				ASSETCATALOG_COMPILER_APPICON_NAME = AppIcon;
				ASSETCATALOG_COMPILER_GLOBAL_ACCENT_COLOR_NAME = AccentColor;
				CODE_SIGN_ENTITLEMENTS = "CoVid HQ/CoVid HQ.entitlements";
				CODE_SIGN_IDENTITY = "iPhone Developer";
				CODE_SIGN_STYLE = Automatic;
				CURRENT_PROJECT_VERSION = 5;
				DEBUG_INFORMATION_FORMAT = "dwarf-with-dsym";
				DEVELOPMENT_ASSET_PATHS = "\"CoVid HQ/Preview Content\"";
				DEVELOPMENT_TEAM = WM7RG95JZ8;
				ENABLE_PREVIEWS = YES;
				FRAMEWORK_SEARCH_PATHS = (
					"$(inherited)",
					"$(PROJECT_DIR)",
				);
				GCC_WARN_INHIBIT_ALL_WARNINGS = YES;
				GENERATE_PROFILING_CODE = NO;
				INFOPLIST_FILE = "CoVid HQ/Info.plist";
				IPHONEOS_DEPLOYMENT_TARGET = 15.0;
				LD_RUNPATH_SEARCH_PATHS = (
					"$(inherited)",
					"@executable_path/Frameworks",
				);
				MARKETING_VERSION = 1.0.0;
				PRODUCT_BUNDLE_IDENTIFIER = "com.studio4DesignSoftware.CoVid-HQ";
				PRODUCT_NAME = "$(TARGET_NAME)";
				SUPPORTED_PLATFORMS = "iphoneos iphonesimulator";
				SUPPORTS_MACCATALYST = NO;
				SUPPORTS_MAC_DESIGNED_FOR_IPHONE_IPAD = NO;
				SWIFT_VERSION = 5.0;
				TARGETED_DEVICE_FAMILY = 1;
			};
			name = Debug;
		};
		3A93EDE3260AA52500B29151 /* Release */ = {
			isa = XCBuildConfiguration;
			baseConfigurationReference = E348C7D04E3CC7A28A8F5469 /* Pods-CoVid HQ.release.xcconfig */;
			buildSettings = {
				ALWAYS_EMBED_SWIFT_STANDARD_LIBRARIES = YES;
				ASSETCATALOG_COMPILER_APPICON_NAME = AppIcon;
				ASSETCATALOG_COMPILER_GLOBAL_ACCENT_COLOR_NAME = AccentColor;
				CODE_SIGN_ENTITLEMENTS = "CoVid HQ/CoVid HQ.entitlements";
				CODE_SIGN_IDENTITY = "iPhone Developer";
				CODE_SIGN_STYLE = Automatic;
				CURRENT_PROJECT_VERSION = 5;
				DEBUG_INFORMATION_FORMAT = "dwarf-with-dsym";
				DEVELOPMENT_ASSET_PATHS = "\"CoVid HQ/Preview Content\"";
				DEVELOPMENT_TEAM = WM7RG95JZ8;
				ENABLE_PREVIEWS = YES;
				ENABLE_TESTABILITY = YES;
				FRAMEWORK_SEARCH_PATHS = (
					"$(inherited)",
					"$(PROJECT_DIR)",
				);
				GCC_WARN_INHIBIT_ALL_WARNINGS = YES;
				GENERATE_PROFILING_CODE = NO;
				INFOPLIST_FILE = "CoVid HQ/Info.plist";
				IPHONEOS_DEPLOYMENT_TARGET = 15.0;
				LD_RUNPATH_SEARCH_PATHS = (
					"$(inherited)",
					"@executable_path/Frameworks",
				);
				MARKETING_VERSION = 1.0.0;
				PRODUCT_BUNDLE_IDENTIFIER = "com.studio4DesignSoftware.CoVid-HQ";
				PRODUCT_NAME = "$(TARGET_NAME)";
				SUPPORTED_PLATFORMS = "iphoneos iphonesimulator";
				SUPPORTS_MACCATALYST = NO;
				SUPPORTS_MAC_DESIGNED_FOR_IPHONE_IPAD = NO;
				SWIFT_VERSION = 5.0;
				TARGETED_DEVICE_FAMILY = 1;
			};
			name = Release;
		};
/* End XCBuildConfiguration section */

/* Begin XCConfigurationList section */
		3A93EDC5260AA52000B29151 /* Build configuration list for PBXProject "CoVid HQ" */ = {
			isa = XCConfigurationList;
			buildConfigurations = (
				3A93EDDF260AA52500B29151 /* Debug */,
				3A93EDE0260AA52500B29151 /* Release */,
			);
			defaultConfigurationIsVisible = 0;
			defaultConfigurationName = Release;
		};
		3A93EDE1260AA52500B29151 /* Build configuration list for PBXNativeTarget "CoVid HQ" */ = {
			isa = XCConfigurationList;
			buildConfigurations = (
				3A93EDE2260AA52500B29151 /* Debug */,
				3A93EDE3260AA52500B29151 /* Release */,
			);
			defaultConfigurationIsVisible = 0;
			defaultConfigurationName = Release;
		};
/* End XCConfigurationList section */

/* Begin XCRemoteSwiftPackageReference section */
		3A06F5E5261151EB00F6A354 /* XCRemoteSwiftPackageReference "SDWebImageSwiftUI" */ = {
			isa = XCRemoteSwiftPackageReference;
			repositoryURL = "https://github.com/SDWebImage/SDWebImageSwiftUI.git";
			requirement = {
				kind = upToNextMajorVersion;
				minimumVersion = 2.0.2;
			};
		};
/* End XCRemoteSwiftPackageReference section */

/* Begin XCSwiftPackageProductDependency section */
		3A06F5E6261151EC00F6A354 /* SDWebImageSwiftUI */ = {
			isa = XCSwiftPackageProductDependency;
			package = 3A06F5E5261151EB00F6A354 /* XCRemoteSwiftPackageReference "SDWebImageSwiftUI" */;
			productName = SDWebImageSwiftUI;
		};
/* End XCSwiftPackageProductDependency section */

/* Begin XCVersionGroup section */
		3A93EDD3260AA52000B29151 /* CoVid_HQ.xcdatamodeld */ = {
			isa = XCVersionGroup;
			children = (
				3A93EDD4260AA52000B29151 /* CoVid_HQ.xcdatamodel */,
			);
			currentVersion = 3A93EDD4260AA52000B29151 /* CoVid_HQ.xcdatamodel */;
			path = CoVid_HQ.xcdatamodeld;
			sourceTree = "<group>";
			versionGroupType = wrapper.xcdatamodel;
		};
/* End XCVersionGroup section */
	};
	rootObject = 3A93EDC2260AA52000B29151 /* Project object */;
}
